
Microsoft Visual Studio Solution File, Format Version 12.00
# Visual Studio Version 16
VisualStudioVersion = 16.0.30907.101
MinimumVisualStudioVersion = 10.0.40219.1
Project("{FAE04EC0-301F-11D3-BF4B-00C04F79EFBC}") = "numerosprimos", "numerosprimos\numerosprimos.csproj", "{31680947-1215-4CC3-A068-6EADAB2724A8}"
EndProject
Global
	GlobalSection(SolutionConfigurationPlatforms) = preSolution
		Debug|Any CPU = Debug|Any CPU
		Release|Any CPU = Release|Any CPU
	EndGlobalSection
	GlobalSection(ProjectConfigurationPlatforms) = postSolution
		{31680947-1215-4CC3-A068-6EADAB2724A8}.Debug|Any CPU.ActiveCfg = Debug|Any CPU
		{31680947-1215-4CC3-A068-6EADAB2724A8}.Debug|Any CPU.Build.0 = Debug|Any CPU
		{31680947-1215-4CC3-A068-6EADAB2724A8}.Release|Any CPU.ActiveCfg = Release|Any CPU
		{31680947-1215-4CC3-A068-6EADAB2724A8}.Release|Any CPU.Build.0 = Release|Any CPU
	EndGlobalSection
	GlobalSection(SolutionProperties) = preSolution
		HideSolutionNode = FALSE
	EndGlobalSection
	GlobalSection(ExtensibilityGlobals) = postSolution
		SolutionGuid = {AC86753E-538D-4CB3-8910-1E8913E626AD}
	EndGlobalSection
EndGlobal
